# THIS IS AN AUTOGENERATED FILE. DO NOT EDIT THIS FILE DIRECTLY.
# yarn lockfile v1


"@types/luxon@^1.26.5":
  version "1.26.5"
  resolved "https://registry.yarnpkg.com/@types/luxon/-/luxon-1.26.5.tgz#843fb705e16e4d2a90847a351b799ea9d879859e"
  integrity sha512-XeQxxRMyJi1znfzHw4CGDLyup/raj84SnjjkI2fDootZPGlB0yqtvlvEIAmzHDa5wiEI5JJevZOWxpcofsaV+A==

"@types/sqlstring@^2.3.0":
  version "2.3.0"
  resolved "https://registry.yarnpkg.com/@types/sqlstring/-/sqlstring-2.3.0.tgz#5960ade0166cfaaa4673fc74ec8157a08d06c89e"
  integrity sha512-kMFecDYYFk/f5fljO0UFrSPwU1JxY4mIjX6ic7MHv5nD6sEd3NYLoWcOV/3s6Drs7RHdCwTQdD5NdgVl0I2zzg==

fp-ts@^2.10.4:
  version "2.10.4"
  resolved "https://registry.yarnpkg.com/fp-ts/-/fp-ts-2.10.4.tgz#f81f34b1c15b3255d65cdbb39508ebb42922aa0c"
  integrity sha512-vMTB5zNc9PnE20q145PNbkiL9P9WegwmKVOFloi/NfHnPdAlcob6I3AKqlH/9u3k3/M/GOftZhcJdBrb+NtnDA==

luxon@^1.26.0:
  version "1.26.0"
  resolved "https://registry.yarnpkg.com/luxon/-/luxon-1.26.0.tgz#d3692361fda51473948252061d0f8561df02b578"
  integrity sha512-+V5QIQ5f6CDXQpWNICELwjwuHdqeJM1UenlZWx5ujcRMc9venvluCjFb4t5NYLhb6IhkbMVOxzVuOqkgMxee2A==

sqlstring@^2.3.2:
  version "2.3.2"
  resolved "https://registry.yarnpkg.com/sqlstring/-/sqlstring-2.3.2.tgz#cdae7169389a1375b18e885f2e60b3e460809514"
  integrity sha512-vF4ZbYdKS8OnoJAWBmMxCQDkiEBkGQYU7UZPtL8flbDRSNkhaXvRJ279ZtI6M+zDaQovVU4tuRgzK5fVhvFAhg==

typescript@^4.2.4:
  version "4.2.4"
  resolved "https://registry.yarnpkg.com/typescript/-/typescript-4.2.4.tgz#8610b59747de028fda898a8aef0e103f156d0961"
  integrity sha512-V+evlYHZnQkaz8TRBuxTA92yZBPotr5H+WhQ7bD3hZUndx5tGOa1fuCgeSjxAzM1RiN5IzvadIXTVefuuwZCRg==
